// !$*UTF8*$!
{
	archiveVersion = 1;
	classes = {
	};
	objectVersion = 46;
	objects = {

/* Begin PBXBuildFile section */
		DD31EB711DF0C582005EA01E /* AppDelegate.swift in Sources */ = {isa = PBXBuildFile; fileRef = DD31EB701DF0C582005EA01E /* AppDelegate.swift */; };
		DD31EB731DF0C582005EA01E /* ViewController.swift in Sources */ = {isa = PBXBuildFile; fileRef = DD31EB721DF0C582005EA01E /* ViewController.swift */; };
		DD31EB761DF0C582005EA01E /* Main.storyboard in Resources */ = {isa = PBXBuildFile; fileRef = DD31EB741DF0C582005EA01E /* Main.storyboard */; };
		DD31EB781DF0C582005EA01E /* Assets.xcassets in Resources */ = {isa = PBXBuildFile; fileRef = DD31EB771DF0C582005EA01E /* Assets.xcassets */; };
		DD31EB7B1DF0C582005EA01E /* LaunchScreen.storyboard in Resources */ = {isa = PBXBuildFile; fileRef = DD31EB791DF0C582005EA01E /* LaunchScreen.storyboard */; };
/* End PBXBuildFile section */

/* Begin PBXFileReference section */
		DD31EB6D1DF0C582005EA01E /* E17 Scroll View.app */ = {isa = PBXFileReference; explicitFileType = wrapper.application; includeInIndex = 0; path = "E17 Scroll View.app"; sourceTree = BUILT_PRODUCTS_DIR; };
		DD31EB701DF0C582005EA01E /* AppDelegate.swift */ = {isa = PBXFileReference; lastKnownFileType = sourcecode.swift; path = AppDelegate.swift; sourceTree = "<group>"; };
		DD31EB721DF0C582005EA01E /* ViewController.swift */ = {isa = PBXFileReference; lastKnownFileType = sourcecode.swift; path = ViewController.swift; sourceTree = "<group>"; };
		DD31EB751DF0C582005EA01E /* Base */ = {isa = PBXFileReference; lastKnownFileType = file.storyboard; name = Base; path = Base.lproj/Main.storyboard; sourceTree = "<group>"; };
		DD31EB771DF0C582005EA01E /* Assets.xcassets */ = {isa = PBXFileReference; lastKnownFileType = folder.assetcatalog; path = Assets.xcassets; sourceTree = "<group>"; };
		DD31EB7A1DF0C582005EA01E /* Base */ = {isa = PBXFileReference; lastKnownFileType = file.storyboard; name = Base; path = Base.lproj/LaunchScreen.storyboard; sourceTree = "<group>"; };
		DD31EB7C1DF0C582005EA01E /* Info.plist */ = {isa = PBXFileReference; lastKnownFileType = text.plist.xml; path = Info.plist; sourceTree = "<group>"; };
/* End PBXFileReference section */

/* Begin PBXFrameworksBuildPhase section */
		DD31EB6A1DF0C582005EA01E /* Frameworks */ = {
			isa = PBXFrameworksBuildPhase;
			buildActionMask = 2147483647;
			files = (
			);
			runOnlyForDeploymentPostprocessing = 0;
		};
/* End PBXFrameworksBuildPhase section */

/* Begin PBXGroup section */
		DD31EB641DF0C581005EA01E = {
			isa = PBXGroup;
			children = (
				DD31EB6F1DF0C582005EA01E /* E17 Scroll View */,
				DD31EB6E1DF0C582005EA01E /* Products */,
			);
			sourceTree = "<group>";
		};
		DD31EB6E1DF0C582005EA01E /* Products */ = {
			isa = PBXGroup;
			children = (
				DD31EB6D1DF0C582005EA01E /* E17 Scroll View.app */,
			);
			name = Products;
			sourceTree = "<group>";
		};
		DD31EB6F1DF0C582005EA01E /* E17 Scroll View */ = {
			isa = PBXGroup;
			children = (
				DD31EB701DF0C582005EA01E /* AppDelegate.swift */,
				DD31EB721DF0C582005EA01E /* ViewController.swift */,
				DD31EB741DF0C582005EA01E /* Main.storyboard */,
				DD31EB771DF0C582005EA01E /* Assets.xcassets */,
				DD31EB791DF0C582005EA01E /* LaunchScreen.storyboard */,
				DD31EB7C1DF0C582005EA01E /* Info.plist */,
			);
			path = "E17 Scroll View";
			sourceTree = "<group>";
		};
/* End PBXGroup section */

/* Begin PBXNativeTarget section */
		DD31EB6C1DF0C582005EA01E /* E17 Scroll View */ = {
			isa = PBXNativeTarget;
			buildConfigurationList = DD31EB7F1DF0C582005EA01E /* Build configuration list for PBXNativeTarget "E17 Scroll View" */;
			buildPhases = (
				DD31EB691DF0C582005EA01E /* Sources */,
				DD31EB6A1DF0C582005EA01E /* Frameworks */,
				DD31EB6B1DF0C582005EA01E /* Resources */,
			);
			buildRules = (
			);
			dependencies = (
			);
			name = "E17 Scroll View";
			productName = "E17 Scroll View";
			productReference = DD31EB6D1DF0C582005EA01E /* E17 Scroll View.app */;
			productType = "com.apple.product-type.application";
		};
/* End PBXNativeTarget section */

/* Begin PBXProject section */
		DD31EB651DF0C581005EA01E /* Project object */ = {
			isa = PBXProject;
			attributes = {
				LastSwiftUpdateCheck = 0810;
				LastUpgradeCheck = 0810;
				ORGANIZATIONNAME = Atiz;
				TargetAttributes = {
					DD31EB6C1DF0C582005EA01E = {
						CreatedOnToolsVersion = 8.1;
						DevelopmentTeam = UKXRG6TH6L;
						ProvisioningStyle = Automatic;
					};
				};
			};
			buildConfigurationList = DD31EB681DF0C581005EA01E /* Build configuration list for PBXProject "E17 Scroll View" */;
			compatibilityVersion = "Xcode 3.2";
			developmentRegion = English;
			hasScannedForEncodings = 0;
			knownRegions = (
				en,
				Base,
			);
			mainGroup = DD31EB641DF0C581005EA01E;
			productRefGroup = DD31EB6E1DF0C582005EA01E /* Products */;
			projectDirPath = "";
			projectRoot = "";
			targets = (
				DD31EB6C1DF0C582005EA01E /* E17 Scroll View */,
			);
		};
/* End PBXProject section */

/* Begin PBXResourcesBuildPhase section */
		DD31EB6B1DF0C582005EA01E /* Resources */ = {
			isa = PBXResourcesBuildPhase;
			buildActionMask = 2147483647;
			files = (
				DD31EB7B1DF0C582005EA01E /* LaunchScreen.storyboard in Resources */,
				DD31EB781DF0C582005EA01E /* Assets.xcassets in Resources */,
				DD31EB761DF0C582005EA01E /* Main.storyboard in Resources */,
			);
			runOnlyForDeploymentPostprocessing = 0;
		};
/* End PBXResourcesBuildPhase section */

/* Begin PBXSourcesBuildPhase section */
		DD31EB691DF0C582005EA01E /* Sources */ = {
			isa = PBXSourcesBuildPhase;
			buildActionMask = 2147483647;
			files = (
				DD31EB731DF0C582005EA01E /* ViewController.swift in Sources */,
				DD31EB711DF0C582005EA01E /* AppDelegate.swift in Sources */,
			);
			runOnlyForDeploymentPostprocessing = 0;
		};
/* End PBXSourcesBuildPhase section */

/* Begin PBXVariantGroup section */
		DD31EB741DF0C582005EA01E /* Main.storyboard */ = {
			isa = PBXVariantGroup;
			children = (
				DD31EB751DF0C582005EA01E /* Base */,
			);
			name = Main.storyboard;
			sourceTree = "<group>";
		};
		DD31EB791DF0C582005EA01E /* LaunchScreen.storyboard */ = {
			isa = PBXVariantGroup;
			children = (
				DD31EB7A1DF0C582005EA01E /* Base */,
			);
			name = LaunchScreen.storyboard;
			sourceTree = "<group>";
		};
/* End PBXVariantGroup section */

/* Begin XCBuildConfiguration section */
		DD31EB7D1DF0C582005EA01E /* Debug */ = {
			isa = XCBuildConfiguration;
			buildSettings = {
				ALWAYS_SEARCH_USER_PATHS = NO;
				CLANG_ANALYZER_NONNULL = YES;
				CLANG_CXX_LANGUAGE_STANDARD = "gnu++0x";
				CLANG_CXX_LIBRARY = "libc++";
				CLANG_ENABLE_MODULES = YES;
				CLANG_ENABLE_OBJC_ARC = YES;
				CLANG_WARN_BOOL_CONVERSION = YES;
				CLANG_WARN_CONSTANT_CONVERSION = YES;
				CLANG_WARN_DIRECT_OBJC_ISA_USAGE = YES_ERROR;
				CLANG_WARN_DOCUMENTATION_COMMENTS = YES;
				CLANG_WARN_EMPTY_BODY = YES;
				CLANG_WARN_ENUM_CONVERSION = YES;
				CLANG_WARN_INFINITE_RECURSION = YES;
				CLANG_WARN_INT_CONVERSION = YES;
				CLANG_WARN_OBJC_ROOT_CLASS = YES_ERROR;
				CLANG_WARN_SUSPICIOUS_MOVES = YES;
				CLANG_WARN_UNREACHABLE_CODE = YES;
				CLANG_WARN__DUPLICATE_METHOD_MATCH = YES;
				"CODE_SIGN_IDENTITY[sdk=iphoneos*]" = "iPhone Developer";
				COPY_PHASE_STRIP = NO;
				DEBUG_INFORMATION_FORMAT = dwarf;
				ENABLE_STRICT_OBJC_MSGSEND = YES;
				ENABLE_TESTABILITY = YES;
				GCC_C_LANGUAGE_STANDARD = gnu99;
				GCC_DYNAMIC_NO_PIC = NO;
				GCC_NO_COMMON_BLOCKS = YES;
				GCC_OPTIMIZATION_LEVEL = 0;
				GCC_PREPROCESSOR_DEFINITIONS = (
					"DEBUG=1",
					"$(inherited)",
				);
				GCC_WARN_64_TO_32_BIT_CONVERSION = YES;
				GCC_WARN_ABOUT_RETURN_TYPE = YES_ERROR;
				GCC_WARN_UNDECLARED_SELECTOR = YES;
				GCC_WARN_UNINITIALIZED_AUTOS = YES_AGGRESSIVE;
				GCC_WARN_UNUSED_FUNCTION = YES;
				GCC_WARN_UNUSED_VARIABLE = YES;
				IPHONEOS_DEPLOYMENT_TARGET = 10.1;
				MTL_ENABLE_DEBUG_INFO = YES;
				ONLY_ACTIVE_ARCH = YES;
				SDKROOT = iphoneos;
				SWIFT_ACTIVE_COMPILATION_CONDITIONS = DEBUG;
				SWIFT_OPTIMIZATION_LEVEL = "-Onone";
				TARGETED_DEVICE_FAMILY = "1,2";
			};
			name = Debug;
		};
		DD31EB7E1DF0C582005EA01E /* Release */ = {
			isa = XCBuildConfiguration;
			buildSettings = {
				ALWAYS_SEARCH_USER_PATHS = NO;
				CLANG_ANALYZER_NONNULL = YES;
				CLANG_CXX_LANGUAGE_STANDARD = "gnu++0x";
				CLANG_CXX_LIBRARY = "libc++";
				CLANG_ENABLE_MODULES = YES;
				CLANG_ENABLE_OBJC_ARC = YES;
				CLANG_WARN_BOOL_CONVERSION = YES;
				CLANG_WARN_CONSTANT_CONVERSION = YES;
				CLANG_WARN_DIRECT_OBJC_ISA_USAGE = YES_ERROR;
				CLANG_WARN_DOCUMENTATION_COMMENTS = YES;
				CLANG_WARN_EMPTY_BODY = YES;
				CLANG_WARN_ENUM_CONVERSION = YES;
				CLANG_WARN_INFINITE_RECURSION = YES;
				CLANG_WARN_INT_CONVERSION = YES;
				CLANG_WARN_OBJC_ROOT_CLASS = YES_ERROR;
				CLANG_WARN_SUSPICIOUS_MOVES = YES;
				CLANG_WARN_UNREACHABLE_CODE = YES;
				CLANG_WARN__DUPLICATE_METHOD_MATCH = YES;
				"CODE_SIGN_IDENTITY[sdk=iphoneos*]" = "iPhone Developer";
				COPY_PHASE_STRIP = NO;
				DEBUG_INFORMATION_FORMAT = "dwarf-with-dsym";
				ENABLE_NS_ASSERTIONS = NO;
				ENABLE_STRICT_OBJC_MSGSEND = YES;
				GCC_C_LANGUAGE_STANDARD = gnu99;
				GCC_NO_COMMON_BLOCKS = YES;
				GCC_WARN_64_TO_32_BIT_CONVERSION = YES;
				GCC_WARN_ABOUT_RETURN_TYPE = YES_ERROR;
				GCC_WARN_UNDECLARED_SELECTOR = YES;
				GCC_WARN_UNINITIALIZED_AUTOS = YES_AGGRESSIVE;
				GCC_WARN_UNUSED_FUNCTION = YES;
				GCC_WARN_UNUSED_VARIABLE = YES;
				IPHONEOS_DEPLOYMENT_TARGET = 10.1;
				MTL_ENABLE_DEBUG_INFO = NO;
				SDKROOT = iphoneos;
				SWIFT_OPTIMIZATION_LEVEL = "-Owholemodule";
				TARGETED_DEVICE_FAMILY = "1,2";
				VALIDATE_PRODUCT = YES;
			};
			name = Release;
		};
		DD31EB801DF0C582005EA01E /* Debug */ = {
			isa = XCBuildConfiguration;
			buildSettings = {
				ASSETCATALOG_COMPILER_APPICON_NAME = AppIcon;
				DEVELOPMENT_TEAM = UKXRG6TH6L;
				INFOPLIST_FILE = "E17 Scroll View/Info.plist";
				LD_RUNPATH_SEARCH_PATHS = "$(inherited) @executable_path/Frameworks";
				PRODUCT_BUNDLE_IDENTIFIER = "com.Atiz.E17-Scroll-View";
				PRODUCT_NAME = "$(TARGET_NAME)";
				SWIFT_VERSION = 3.0;
			};
			name = Debug;
		};
		DD31EB811DF0C582005EA01E /* Release */ = {
			isa = XCBuildConfiguration;
			buildSettings = {
				ASSETCATALOG_COMPILER_APPICON_NAME = AppIcon;
				DEVELOPMENT_TEAM = UKXRG6TH6L;
				INFOPLIST_FILE = "E17 Scroll View/Info.plist";
				LD_RUNPATH_SEARCH_PATHS = "$(inherited) @executable_path/Frameworks";
				PRODUCT_BUNDLE_IDENTIFIER = "com.Atiz.E17-Scroll-View";
				PRODUCT_NAME = "$(TARGET_NAME)";
				SWIFT_VERSION = 3.0;
			};
			name = Release;
		};
/* End XCBuildConfiguration section */

/* Begin XCConfigurationList section */
		DD31EB681DF0C581005EA01E /* Build configuration list for PBXProject "E17 Scroll View" */ = {
			isa = XCConfigurationList;
			buildConfigurations = (
				DD31EB7D1DF0C582005EA01E /* Debug */,
				DD31EB7E1DF0C582005EA01E /* Release */,
			);
			defaultConfigurationIsVisible = 0;
			defaultConfigurationName = Release;
		};
		DD31EB7F1DF0C582005EA01E /* Build configuration list for PBXNativeTarget "E17 Scroll View" */ = {
			isa = XCConfigurationList;
			buildConfigurations = (
				DD31EB801DF0C582005EA01E /* Debug */,
				DD31EB811DF0C582005EA01E /* Release */,
			);
			defaultConfigurationIsVisible = 0;
		};
/* End XCConfigurationList section */
	};
	rootObject = DD31EB651DF0C581005EA01E /* Project object */;
}
